
Microsoft Visual Studio Solution File, Format Version 12.00
# Visual Studio Version 17
VisualStudioVersion = 17.0.32014.148
MinimumVisualStudioVersion = 10.0.40219.1
Project("{FAE04EC0-301F-11D3-BF4B-00C04F79EFBC}") = "Phagocytosis", "Phagocytosis\Phagocytosis.csproj", "{04AB325D-BADA-4ECB-9AA1-2D787EAA67D0}"
EndProject
Project("{FAE04EC0-301F-11D3-BF4B-00C04F79EFBC}") = "Phagocytosis.Sprites", "Phagocytosis.Sprites\Phagocytosis.Sprites.csproj", "{4EAE5C95-7585-4532-B1E8-62B7D1666A0A}"
EndProject
Project("{FAE04EC0-301F-11D3-BF4B-00C04F79EFBC}") = "Phagocytosis.ViewModels", "Phagocytosis.ViewModels\Phagocytosis.ViewModels.csproj", "{A22CB538-2E56-4BC4-9A06-2A5D303555FE}"
EndProject
Project("{FAE04EC0-301F-11D3-BF4B-00C04F79EFBC}") = "Phagocytosis.Elements", "Phagocytosis.Elements\Phagocytosis.Elements.csproj", "{083184A4-4D8C-4D0C-ABBD-64946163F6CE}"
EndProject
Project("{2150E333-8FDC-42A3-9474-1A3956D46DE8}") = "Root", "Root", "{8775B318-BFDD-4864-B500-EE8AB88F96C6}"
	ProjectSection(SolutionItems) = preProject
		..\Phagocytosis\LICENSE = ..\Phagocytosis\LICENSE
		..\Phagocytosis\README-EN.md = ..\Phagocytosis\README-EN.md
		..\Phagocytosis\README-ZH.md = ..\Phagocytosis\README-ZH.md
		..\Phagocytosis\README.md = ..\Phagocytosis\README.md
	EndProjectSection
EndProject
Project("{2150E333-8FDC-42A3-9474-1A3956D46DE8}") = "ScreenShot", "ScreenShot", "{C0E97957-0E6F-450E-9CAA-AFADBA4ACC7E}"
	ProjectSection(SolutionItems) = preProject
		ScreenShot\logo.png = ScreenShot\logo.png
	EndProjectSection
EndProject
Global
	GlobalSection(SolutionConfigurationPlatforms) = preSolution
		Debug|Any CPU = Debug|Any CPU
		Debug|ARM = Debug|ARM
		Debug|ARM64 = Debug|ARM64
		Debug|x64 = Debug|x64
		Debug|x86 = Debug|x86
		Release|Any CPU = Release|Any CPU
		Release|ARM = Release|ARM
		Release|ARM64 = Release|ARM64
		Release|x64 = Release|x64
		Release|x86 = Release|x86
	EndGlobalSection
	GlobalSection(ProjectConfigurationPlatforms) = postSolution
		{04AB325D-BADA-4ECB-9AA1-2D787EAA67D0}.Debug|Any CPU.ActiveCfg = Debug|x64
		{04AB325D-BADA-4ECB-9AA1-2D787EAA67D0}.Debug|Any CPU.Build.0 = Debug|x64
		{04AB325D-BADA-4ECB-9AA1-2D787EAA67D0}.Debug|Any CPU.Deploy.0 = Debug|x64
		{04AB325D-BADA-4ECB-9AA1-2D787EAA67D0}.Debug|ARM.ActiveCfg = Debug|ARM
		{04AB325D-BADA-4ECB-9AA1-2D787EAA67D0}.Debug|ARM.Build.0 = Debug|ARM
		{04AB325D-BADA-4ECB-9AA1-2D787EAA67D0}.Debug|ARM.Deploy.0 = Debug|ARM
		{04AB325D-BADA-4ECB-9AA1-2D787EAA67D0}.Debug|ARM64.ActiveCfg = Debug|ARM64
		{04AB325D-BADA-4ECB-9AA1-2D787EAA67D0}.Debug|ARM64.Build.0 = Debug|ARM64
		{04AB325D-BADA-4ECB-9AA1-2D787EAA67D0}.Debug|ARM64.Deploy.0 = Debug|ARM64
		{04AB325D-BADA-4ECB-9AA1-2D787EAA67D0}.Debug|x64.ActiveCfg = Debug|x64
		{04AB325D-BADA-4ECB-9AA1-2D787EAA67D0}.Debug|x64.Build.0 = Debug|x64
		{04AB325D-BADA-4ECB-9AA1-2D787EAA67D0}.Debug|x64.Deploy.0 = Debug|x64
		{04AB325D-BADA-4ECB-9AA1-2D787EAA67D0}.Debug|x86.ActiveCfg = Debug|x86
		{04AB325D-BADA-4ECB-9AA1-2D787EAA67D0}.Debug|x86.Build.0 = Debug|x86
		{04AB325D-BADA-4ECB-9AA1-2D787EAA67D0}.Debug|x86.Deploy.0 = Debug|x86
		{04AB325D-BADA-4ECB-9AA1-2D787EAA67D0}.Release|Any CPU.ActiveCfg = Release|x64
		{04AB325D-BADA-4ECB-9AA1-2D787EAA67D0}.Release|Any CPU.Build.0 = Release|x64
		{04AB325D-BADA-4ECB-9AA1-2D787EAA67D0}.Release|Any CPU.Deploy.0 = Release|x64
		{04AB325D-BADA-4ECB-9AA1-2D787EAA67D0}.Release|ARM.ActiveCfg = Release|ARM
		{04AB325D-BADA-4ECB-9AA1-2D787EAA67D0}.Release|ARM.Build.0 = Release|ARM
		{04AB325D-BADA-4ECB-9AA1-2D787EAA67D0}.Release|ARM.Deploy.0 = Release|ARM
		{04AB325D-BADA-4ECB-9AA1-2D787EAA67D0}.Release|ARM64.ActiveCfg = Release|ARM64
		{04AB325D-BADA-4ECB-9AA1-2D787EAA67D0}.Release|ARM64.Build.0 = Release|ARM64
		{04AB325D-BADA-4ECB-9AA1-2D787EAA67D0}.Release|ARM64.Deploy.0 = Release|ARM64
		{04AB325D-BADA-4ECB-9AA1-2D787EAA67D0}.Release|x64.ActiveCfg = Release|x64
		{04AB325D-BADA-4ECB-9AA1-2D787EAA67D0}.Release|x64.Build.0 = Release|x64
		{04AB325D-BADA-4ECB-9AA1-2D787EAA67D0}.Release|x64.Deploy.0 = Release|x64
		{04AB325D-BADA-4ECB-9AA1-2D787EAA67D0}.Release|x86.ActiveCfg = Release|x86
		{04AB325D-BADA-4ECB-9AA1-2D787EAA67D0}.Release|x86.Build.0 = Release|x86
		{04AB325D-BADA-4ECB-9AA1-2D787EAA67D0}.Release|x86.Deploy.0 = Release|x86
		{4EAE5C95-7585-4532-B1E8-62B7D1666A0A}.Debug|Any CPU.ActiveCfg = Debug|Any CPU
		{4EAE5C95-7585-4532-B1E8-62B7D1666A0A}.Debug|Any CPU.Build.0 = Debug|Any CPU
		{4EAE5C95-7585-4532-B1E8-62B7D1666A0A}.Debug|ARM.ActiveCfg = Debug|ARM
		{4EAE5C95-7585-4532-B1E8-62B7D1666A0A}.Debug|ARM.Build.0 = Debug|ARM
		{4EAE5C95-7585-4532-B1E8-62B7D1666A0A}.Debug|ARM64.ActiveCfg = Debug|ARM64
		{4EAE5C95-7585-4532-B1E8-62B7D1666A0A}.Debug|ARM64.Build.0 = Debug|ARM64
		{4EAE5C95-7585-4532-B1E8-62B7D1666A0A}.Debug|x64.ActiveCfg = Debug|x64
		{4EAE5C95-7585-4532-B1E8-62B7D1666A0A}.Debug|x64.Build.0 = Debug|x64
		{4EAE5C95-7585-4532-B1E8-62B7D1666A0A}.Debug|x86.ActiveCfg = Debug|x86
		{4EAE5C95-7585-4532-B1E8-62B7D1666A0A}.Debug|x86.Build.0 = Debug|x86
		{4EAE5C95-7585-4532-B1E8-62B7D1666A0A}.Release|Any CPU.ActiveCfg = Release|Any CPU
		{4EAE5C95-7585-4532-B1E8-62B7D1666A0A}.Release|Any CPU.Build.0 = Release|Any CPU
		{4EAE5C95-7585-4532-B1E8-62B7D1666A0A}.Release|ARM.ActiveCfg = Release|ARM
		{4EAE5C95-7585-4532-B1E8-62B7D1666A0A}.Release|ARM.Build.0 = Release|ARM
		{4EAE5C95-7585-4532-B1E8-62B7D1666A0A}.Release|ARM64.ActiveCfg = Release|ARM64
		{4EAE5C95-7585-4532-B1E8-62B7D1666A0A}.Release|ARM64.Build.0 = Release|ARM64
		{4EAE5C95-7585-4532-B1E8-62B7D1666A0A}.Release|x64.ActiveCfg = Release|x64
		{4EAE5C95-7585-4532-B1E8-62B7D1666A0A}.Release|x64.Build.0 = Release|x64
		{4EAE5C95-7585-4532-B1E8-62B7D1666A0A}.Release|x86.ActiveCfg = Release|x86
		{4EAE5C95-7585-4532-B1E8-62B7D1666A0A}.Release|x86.Build.0 = Release|x86
		{A22CB538-2E56-4BC4-9A06-2A5D303555FE}.Debug|Any CPU.ActiveCfg = Debug|Any CPU
		{A22CB538-2E56-4BC4-9A06-2A5D303555FE}.Debug|Any CPU.Build.0 = Debug|Any CPU
		{A22CB538-2E56-4BC4-9A06-2A5D303555FE}.Debug|ARM.ActiveCfg = Debug|ARM
		{A22CB538-2E56-4BC4-9A06-2A5D303555FE}.Debug|ARM.Build.0 = Debug|ARM
		{A22CB538-2E56-4BC4-9A06-2A5D303555FE}.Debug|ARM64.ActiveCfg = Debug|ARM64
		{A22CB538-2E56-4BC4-9A06-2A5D303555FE}.Debug|ARM64.Build.0 = Debug|ARM64
		{A22CB538-2E56-4BC4-9A06-2A5D303555FE}.Debug|x64.ActiveCfg = Debug|x64
		{A22CB538-2E56-4BC4-9A06-2A5D303555FE}.Debug|x64.Build.0 = Debug|x64
		{A22CB538-2E56-4BC4-9A06-2A5D303555FE}.Debug|x86.ActiveCfg = Debug|x86
		{A22CB538-2E56-4BC4-9A06-2A5D303555FE}.Debug|x86.Build.0 = Debug|x86
		{A22CB538-2E56-4BC4-9A06-2A5D303555FE}.Release|Any CPU.ActiveCfg = Release|Any CPU
		{A22CB538-2E56-4BC4-9A06-2A5D303555FE}.Release|Any CPU.Build.0 = Release|Any CPU
		{A22CB538-2E56-4BC4-9A06-2A5D303555FE}.Release|ARM.ActiveCfg = Release|ARM
		{A22CB538-2E56-4BC4-9A06-2A5D303555FE}.Release|ARM.Build.0 = Release|ARM
		{A22CB538-2E56-4BC4-9A06-2A5D303555FE}.Release|ARM64.ActiveCfg = Release|ARM64
		{A22CB538-2E56-4BC4-9A06-2A5D303555FE}.Release|ARM64.Build.0 = Release|ARM64
		{A22CB538-2E56-4BC4-9A06-2A5D303555FE}.Release|x64.ActiveCfg = Release|x64
		{A22CB538-2E56-4BC4-9A06-2A5D303555FE}.Release|x64.Build.0 = Release|x64
		{A22CB538-2E56-4BC4-9A06-2A5D303555FE}.Release|x86.ActiveCfg = Release|x86
		{A22CB538-2E56-4BC4-9A06-2A5D303555FE}.Release|x86.Build.0 = Release|x86
		{083184A4-4D8C-4D0C-ABBD-64946163F6CE}.Debug|Any CPU.ActiveCfg = Debug|Any CPU
		{083184A4-4D8C-4D0C-ABBD-64946163F6CE}.Debug|Any CPU.Build.0 = Debug|Any CPU
		{083184A4-4D8C-4D0C-ABBD-64946163F6CE}.Debug|ARM.ActiveCfg = Debug|ARM
		{083184A4-4D8C-4D0C-ABBD-64946163F6CE}.Debug|ARM.Build.0 = Debug|ARM
		{083184A4-4D8C-4D0C-ABBD-64946163F6CE}.Debug|ARM64.ActiveCfg = Debug|ARM64
		{083184A4-4D8C-4D0C-ABBD-64946163F6CE}.Debug|ARM64.Build.0 = Debug|ARM64
		{083184A4-4D8C-4D0C-ABBD-64946163F6CE}.Debug|x64.ActiveCfg = Debug|x64
		{083184A4-4D8C-4D0C-ABBD-64946163F6CE}.Debug|x64.Build.0 = Debug|x64
		{083184A4-4D8C-4D0C-ABBD-64946163F6CE}.Debug|x86.ActiveCfg = Debug|x86
		{083184A4-4D8C-4D0C-ABBD-64946163F6CE}.Debug|x86.Build.0 = Debug|x86
		{083184A4-4D8C-4D0C-ABBD-64946163F6CE}.Release|Any CPU.ActiveCfg = Release|Any CPU
		{083184A4-4D8C-4D0C-ABBD-64946163F6CE}.Release|Any CPU.Build.0 = Release|Any CPU
		{083184A4-4D8C-4D0C-ABBD-64946163F6CE}.Release|ARM.ActiveCfg = Release|ARM
		{083184A4-4D8C-4D0C-ABBD-64946163F6CE}.Release|ARM.Build.0 = Release|ARM
		{083184A4-4D8C-4D0C-ABBD-64946163F6CE}.Release|ARM64.ActiveCfg = Release|ARM64
		{083184A4-4D8C-4D0C-ABBD-64946163F6CE}.Release|ARM64.Build.0 = Release|ARM64
		{083184A4-4D8C-4D0C-ABBD-64946163F6CE}.Release|x64.ActiveCfg = Release|x64
		{083184A4-4D8C-4D0C-ABBD-64946163F6CE}.Release|x64.Build.0 = Release|x64
		{083184A4-4D8C-4D0C-ABBD-64946163F6CE}.Release|x86.ActiveCfg = Release|x86
		{083184A4-4D8C-4D0C-ABBD-64946163F6CE}.Release|x86.Build.0 = Release|x86
	EndGlobalSection
	GlobalSection(SolutionProperties) = preSolution
		HideSolutionNode = FALSE
	EndGlobalSection
	GlobalSection(NestedProjects) = preSolution
		{C0E97957-0E6F-450E-9CAA-AFADBA4ACC7E} = {8775B318-BFDD-4864-B500-EE8AB88F96C6}
	EndGlobalSection
	GlobalSection(ExtensibilityGlobals) = postSolution
		SolutionGuid = {193FE88B-7685-49F7-98C6-127994BC4529}
	EndGlobalSection
EndGlobal
